
Microsoft Visual Studio Solution File, Format Version 12.00
# Visual Studio Version 17
VisualStudioVersion = 17.7.34024.191
MinimumVisualStudioVersion = 10.0.40219.1
Project("{FAE04EC0-301F-11D3-BF4B-00C04F79EFBC}") = "inherit_", "inherit_\inherit_.csproj", "{95D1F8F5-E6E8-40E0-BB38-5AEB2A70FF93}"
EndProject
Global
	GlobalSection(SolutionConfigurationPlatforms) = preSolution
		Debug|Any CPU = Debug|Any CPU
		Release|Any CPU = Release|Any CPU
	EndGlobalSection
	GlobalSection(ProjectConfigurationPlatforms) = postSolution
		{95D1F8F5-E6E8-40E0-BB38-5AEB2A70FF93}.Debug|Any CPU.ActiveCfg = Debug|Any CPU
		{95D1F8F5-E6E8-40E0-BB38-5AEB2A70FF93}.Debug|Any CPU.Build.0 = Debug|Any CPU
		{95D1F8F5-E6E8-40E0-BB38-5AEB2A70FF93}.Release|Any CPU.ActiveCfg = Release|Any CPU
		{95D1F8F5-E6E8-40E0-BB38-5AEB2A70FF93}.Release|Any CPU.Build.0 = Release|Any CPU
	EndGlobalSection
	GlobalSection(SolutionProperties) = preSolution
		HideSolutionNode = FALSE
	EndGlobalSection
	GlobalSection(ExtensibilityGlobals) = postSolution
		SolutionGuid = {D6F63646-A926-4987-8FAB-76B20C73ED39}
	EndGlobalSection
EndGlobal
